<?xml version="1.0" encoding="utf-8"?>
<Project ToolsVersion="4.0" xmlns="http://schemas.microsoft.com/developer/msbuild/2003">
  <ItemGroup>
    <Filter Include="src">
      <UniqueIdentifier>{2DAB880B-99B4-887C-2230-9F7C8E38947C}</UniqueIdentifier>
    </Filter>
    <Filter Include="src\Graphen">
      <UniqueIdentifier>{E1096777-4DBF-DF6C-D6B3-D9434268D670}</UniqueIdentifier>
    </Filter>
    <Filter Include="src\Graphen\Core">
      <UniqueIdentifier>{D982863E-C57B-A590-EEAD-8A15DA05859C}</UniqueIdentifier>
    </Filter>
    <Filter Include="src\Graphen\Debug">
      <UniqueIdentifier>{1739630F-834F-61A5-CCC6-ECC6381C322D}</UniqueIdentifier>
    </Filter>
    <Filter Include="src\Graphen\Events">
      <UniqueIdentifier>{A5AE54FF-9192-1555-FAF2-0FA8E6F5FFD6}</UniqueIdentifier>
    </Filter>
    <Filter Include="src\Graphen\ImGui">
      <UniqueIdentifier>{CBA3C10F-37BA-BFA5-8031-4BC7EC86902D}</UniqueIdentifier>
    </Filter>
    <Filter Include="src\Graphen\Math">
      <UniqueIdentifier>{5AC38B3E-46BC-AA90-6FEE-8F155B468A9C}</UniqueIdentifier>
    </Filter>
    <Filter Include="src\Graphen\Render">
      <UniqueIdentifier>{30E1781C-1CC5-3972-8525-34C5712824F4}</UniqueIdentifier>
    </Filter>
    <Filter Include="src\Graphen\Utility">
      <UniqueIdentifier>{24192BB5-907A-08C3-19E8-4E7585483F82}</UniqueIdentifier>
    </Filter>
    <Filter Include="src\Platform">
      <UniqueIdentifier>{21CA02E5-0D2D-9289-B6B2-CA3FA2F45D0C}</UniqueIdentifier>
    </Filter>
    <Filter Include="src\Platform\Windows">
      <UniqueIdentifier>{5B054582-4794-CE4B-F0B2-E246DC20DFF1}</UniqueIdentifier>
    </Filter>
    <Filter Include="vendor">
      <UniqueIdentifier>{B3738122-9F15-ACF8-88D0-BF4C74113349}</UniqueIdentifier>
    </Filter>
    <Filter Include="vendor\stb_image">
      <UniqueIdentifier>{0DA0BA59-F998-D9AB-22CB-BE300E23B9B7}</UniqueIdentifier>
    </Filter>
  </ItemGroup>
  <ItemGroup>
    <ClInclude Include="src\Graphen.h">
      <Filter>src</Filter>
    </ClInclude>
    <ClInclude Include="src\Graphen\Core\Application.h">
      <Filter>src\Graphen\Core</Filter>
    </ClInclude>
    <ClInclude Include="src\Graphen\Core\Camera.h">
      <Filter>src\Graphen\Core</Filter>
    </ClInclude>
    <ClInclude Include="src\Graphen\Core\CameraController.h">
      <Filter>src\Graphen\Core</Filter>
    </ClInclude>
    <ClInclude Include="src\Graphen\Core\Common.h">
      <Filter>src\Graphen\Core</Filter>
    </ClInclude>
    <ClInclude Include="src\Graphen\Core\Core.h">
      <Filter>src\Graphen\Core</Filter>
    </ClInclude>
    <ClInclude Include="src\Graphen\Core\EntryPoint.h">
      <Filter>src\Graphen\Core</Filter>
    </ClInclude>
    <ClInclude Include="src\Graphen\Core\Hash.h">
      <Filter>src\Graphen\Core</Filter>
    </ClInclude>
    <ClInclude Include="src\Graphen\Core\Input.h">
      <Filter>src\Graphen\Core</Filter>
    </ClInclude>
    <ClInclude Include="src\Graphen\Core\KeyCodes.h">
      <Filter>src\Graphen\Core</Filter>
    </ClInclude>
    <ClInclude Include="src\Graphen\Core\Layer.h">
      <Filter>src\Graphen\Core</Filter>
    </ClInclude>
    <ClInclude Include="src\Graphen\Core\LayerStack.h">
      <Filter>src\Graphen\Core</Filter>
    </ClInclude>
    <ClInclude Include="src\Graphen\Core\Log.h">
      <Filter>src\Graphen\Core</Filter>
    </ClInclude>
    <ClInclude Include="src\Graphen\Core\MouseCodes.h">
      <Filter>src\Graphen\Core</Filter>
    </ClInclude>
    <ClInclude Include="src\Graphen\Core\SystemTime.h">
      <Filter>src\Graphen\Core</Filter>
    </ClInclude>
    <ClInclude Include="src\Graphen\Core\Timestep.h">
      <Filter>src\Graphen\Core</Filter>
    </ClInclude>
    <ClInclude Include="src\Graphen\Core\Window.h">
      <Filter>src\Graphen\Core</Filter>
    </ClInclude>
    <ClInclude Include="src\Graphen\Debug\Instrumentor.h">
      <Filter>src\Graphen\Debug</Filter>
    </ClInclude>
    <ClInclude Include="src\Graphen\Events\ApplicationEvent.h">
      <Filter>src\Graphen\Events</Filter>
    </ClInclude>
    <ClInclude Include="src\Graphen\Events\Event.h">
      <Filter>src\Graphen\Events</Filter>
    </ClInclude>
    <ClInclude Include="src\Graphen\Events\KeyEvent.h">
      <Filter>src\Graphen\Events</Filter>
    </ClInclude>
    <ClInclude Include="src\Graphen\Events\MouseEvent.h">
      <Filter>src\Graphen\Events</Filter>
    </ClInclude>
    <ClInclude Include="src\Graphen\ImGui\ImGuiLayer.h">
      <Filter>src\Graphen\ImGui</Filter>
    </ClInclude>
    <ClInclude Include="src\Graphen\Math\BoundingPlane.h">
      <Filter>src\Graphen\Math</Filter>
    </ClInclude>
    <ClInclude Include="src\Graphen\Math\BoundingSphere.h">
      <Filter>src\Graphen\Math</Filter>
    </ClInclude>
    <ClInclude Include="src\Graphen\Math\Color.h">
      <Filter>src\Graphen\Math</Filter>
    </ClInclude>
    <ClInclude Include="src\Graphen\Math\Common.h">
      <Filter>src\Graphen\Math</Filter>
    </ClInclude>
    <ClInclude Include="src\Graphen\Math\Frustum.h">
      <Filter>src\Graphen\Math</Filter>
    </ClInclude>
    <ClInclude Include="src\Graphen\Math\Math.h">
      <Filter>src\Graphen\Math</Filter>
    </ClInclude>
    <ClInclude Include="src\Graphen\Math\Matrix3.h">
      <Filter>src\Graphen\Math</Filter>
    </ClInclude>
    <ClInclude Include="src\Graphen\Math\Matrix4.h">
      <Filter>src\Graphen\Math</Filter>
    </ClInclude>
    <ClInclude Include="src\Graphen\Math\Quaternion.h">
      <Filter>src\Graphen\Math</Filter>
    </ClInclude>
    <ClInclude Include="src\Graphen\Math\Random.h">
      <Filter>src\Graphen\Math</Filter>
    </ClInclude>
    <ClInclude Include="src\Graphen\Math\Scalar.h">
      <Filter>src\Graphen\Math</Filter>
    </ClInclude>
    <ClInclude Include="src\Graphen\Math\Transform.h">
      <Filter>src\Graphen\Math</Filter>
    </ClInclude>
    <ClInclude Include="src\Graphen\Math\Vector.h">
      <Filter>src\Graphen\Math</Filter>
    </ClInclude>
    <ClInclude Include="src\Graphen\Math\VectorMath.h">
      <Filter>src\Graphen\Math</Filter>
    </ClInclude>
    <ClInclude Include="src\Graphen\Render\BuddyAllocator.h">
      <Filter>src\Graphen\Render</Filter>
    </ClInclude>
    <ClInclude Include="src\Graphen\Render\BufferManager.h">
      <Filter>src\Graphen\Render</Filter>
    </ClInclude>
    <ClInclude Include="src\Graphen\Render\ColorBuffer.h">
      <Filter>src\Graphen\Render</Filter>
    </ClInclude>
    <ClInclude Include="src\Graphen\Render\CommandAllocatorPool.h">
      <Filter>src\Graphen\Render</Filter>
    </ClInclude>
    <ClInclude Include="src\Graphen\Render\CommandContext.h">
      <Filter>src\Graphen\Render</Filter>
    </ClInclude>
    <ClInclude Include="src\Graphen\Render\CommandListManager.h">
      <Filter>src\Graphen\Render</Filter>
    </ClInclude>
    <ClInclude Include="src\Graphen\Render\CommandSignature.h">
      <Filter>src\Graphen\Render</Filter>
    </ClInclude>
    <ClInclude Include="src\Graphen\Render\DepthBuffer.h">
      <Filter>src\Graphen\Render</Filter>
    </ClInclude>
    <ClInclude Include="src\Graphen\Render\DescriptorHeap.h">
      <Filter>src\Graphen\Render</Filter>
    </ClInclude>
    <ClInclude Include="src\Graphen\Render\DynamicDescriptorHeap.h">
      <Filter>src\Graphen\Render</Filter>
    </ClInclude>
    <ClInclude Include="src\Graphen\Render\DynamicUploadBuffer.h">
      <Filter>src\Graphen\Render</Filter>
    </ClInclude>
    <ClInclude Include="src\Graphen\Render\EsramAllocator.h">
      <Filter>src\Graphen\Render</Filter>
    </ClInclude>
    <ClInclude Include="src\Graphen\Render\GpuBuffer.h">
      <Filter>src\Graphen\Render</Filter>
    </ClInclude>
    <ClInclude Include="src\Graphen\Render\GpuResource.h">
      <Filter>src\Graphen\Render</Filter>
    </ClInclude>
    <ClInclude Include="src\Graphen\Render\GpuTimeManager.h">
      <Filter>src\Graphen\Render</Filter>
    </ClInclude>
    <ClInclude Include="src\Graphen\Render\GraphicsCommon.h">
      <Filter>src\Graphen\Render</Filter>
    </ClInclude>
    <ClInclude Include="src\Graphen\Render\GraphicsCore.h">
      <Filter>src\Graphen\Render</Filter>
    </ClInclude>
    <ClInclude Include="src\Graphen\Render\LinearAllocator.h">
      <Filter>src\Graphen\Render</Filter>
    </ClInclude>
    <ClInclude Include="src\Graphen\Render\PipelineState.h">
      <Filter>src\Graphen\Render</Filter>
    </ClInclude>
    <ClInclude Include="src\Graphen\Render\PixelBuffer.h">
      <Filter>src\Graphen\Render</Filter>
    </ClInclude>
    <ClInclude Include="src\Graphen\Render\ReadbackBuffer.h">
      <Filter>src\Graphen\Render</Filter>
    </ClInclude>
    <ClInclude Include="src\Graphen\Render\RootSignature.h">
      <Filter>src\Graphen\Render</Filter>
    </ClInclude>
    <ClInclude Include="src\Graphen\Render\SamplerManager.h">
      <Filter>src\Graphen\Render</Filter>
    </ClInclude>
    <ClInclude Include="src\Graphen\Render\Shader.h">
      <Filter>src\Graphen\Render</Filter>
    </ClInclude>
    <ClInclude Include="src\Graphen\Render\ShadowBuffer.h">
      <Filter>src\Graphen\Render</Filter>
    </ClInclude>
    <ClInclude Include="src\Graphen\Render\SwapChain.h">
      <Filter>src\Graphen\Render</Filter>
    </ClInclude>
    <ClInclude Include="src\Graphen\Render\VidDriver.h">
      <Filter>src\Graphen\Render</Filter>
    </ClInclude>
    <ClInclude Include="src\Graphen\Render\d3dx12.h">
      <Filter>src\Graphen\Render</Filter>
    </ClInclude>
    <ClInclude Include="src\Graphen\Utility\Utility.h">
      <Filter>src\Graphen\Utility</Filter>
    </ClInclude>
    <ClInclude Include="src\Platform\Windows\WindowsInput.h">
      <Filter>src\Platform\Windows</Filter>
    </ClInclude>
    <ClInclude Include="src\Platform\Windows\WindowsWindow.h">
      <Filter>src\Platform\Windows</Filter>
    </ClInclude>
    <ClInclude Include="src\gnpch.h">
      <Filter>src</Filter>
    </ClInclude>
    <ClInclude Include="vendor\stb_image\stb_image.h">
      <Filter>vendor\stb_image</Filter>
    </ClInclude>
  </ItemGroup>
  <ItemGroup>
    <ClCompile Include="src\Graphen\Core\Application.cpp">
      <Filter>src\Graphen\Core</Filter>
    </ClCompile>
    <ClCompile Include="src\Graphen\Core\Camera.cpp">
      <Filter>src\Graphen\Core</Filter>
    </ClCompile>
    <ClCompile Include="src\Graphen\Core\CameraController.cpp">
      <Filter>src\Graphen\Core</Filter>
    </ClCompile>
    <ClCompile Include="src\Graphen\Core\Input.cpp">
      <Filter>src\Graphen\Core</Filter>
    </ClCompile>
    <ClCompile Include="src\Graphen\Core\Layer.cpp">
      <Filter>src\Graphen\Core</Filter>
    </ClCompile>
    <ClCompile Include="src\Graphen\Core\LayerStack.cpp">
      <Filter>src\Graphen\Core</Filter>
    </ClCompile>
    <ClCompile Include="src\Graphen\Core\Log.cpp">
      <Filter>src\Graphen\Core</Filter>
    </ClCompile>
    <ClCompile Include="src\Graphen\Core\SystemTime.cpp">
      <Filter>src\Graphen\Core</Filter>
    </ClCompile>
    <ClCompile Include="src\Graphen\Core\Window.cpp">
      <Filter>src\Graphen\Core</Filter>
    </ClCompile>
    <ClCompile Include="src\Graphen\ImGui\ImGuiBuild.cpp">
      <Filter>src\Graphen\ImGui</Filter>
    </ClCompile>
    <ClCompile Include="src\Graphen\ImGui\ImGuiLayer.cpp">
      <Filter>src\Graphen\ImGui</Filter>
    </ClCompile>
    <ClCompile Include="src\Graphen\Math\Color.cpp">
      <Filter>src\Graphen\Math</Filter>
    </ClCompile>
    <ClCompile Include="src\Graphen\Math\Frustum.cpp">
      <Filter>src\Graphen\Math</Filter>
    </ClCompile>
    <ClCompile Include="src\Graphen\Math\Math.cpp">
      <Filter>src\Graphen\Math</Filter>
    </ClCompile>
    <ClCompile Include="src\Graphen\Math\Random.cpp">
      <Filter>src\Graphen\Math</Filter>
    </ClCompile>
    <ClCompile Include="src\Graphen\Render\BuddyAllocator.cpp">
      <Filter>src\Graphen\Render</Filter>
    </ClCompile>
    <ClCompile Include="src\Graphen\Render\BufferManager.cpp">
      <Filter>src\Graphen\Render</Filter>
    </ClCompile>
    <ClCompile Include="src\Graphen\Render\ColorBuffer.cpp">
      <Filter>src\Graphen\Render</Filter>
    </ClCompile>
    <ClCompile Include="src\Graphen\Render\CommandAllocatorPool.cpp">
      <Filter>src\Graphen\Render</Filter>
    </ClCompile>
    <ClCompile Include="src\Graphen\Render\CommandContext.cpp">
      <Filter>src\Graphen\Render</Filter>
    </ClCompile>
    <ClCompile Include="src\Graphen\Render\CommandListManager.cpp">
      <Filter>src\Graphen\Render</Filter>
    </ClCompile>
    <ClCompile Include="src\Graphen\Render\CommandSignature.cpp">
      <Filter>src\Graphen\Render</Filter>
    </ClCompile>
    <ClCompile Include="src\Graphen\Render\DepthBuffer.cpp">
      <Filter>src\Graphen\Render</Filter>
    </ClCompile>
    <ClCompile Include="src\Graphen\Render\DescriptorHeap.cpp">
      <Filter>src\Graphen\Render</Filter>
    </ClCompile>
    <ClCompile Include="src\Graphen\Render\DynamicDescriptorHeap.cpp">
      <Filter>src\Graphen\Render</Filter>
    </ClCompile>
    <ClCompile Include="src\Graphen\Render\DynamicUploadBuffer.cpp">
      <Filter>src\Graphen\Render</Filter>
    </ClCompile>
    <ClCompile Include="src\Graphen\Render\GpuBuffer.cpp">
      <Filter>src\Graphen\Render</Filter>
    </ClCompile>
    <ClCompile Include="src\Graphen\Render\GpuTimeManager.cpp">
      <Filter>src\Graphen\Render</Filter>
    </ClCompile>
    <ClCompile Include="src\Graphen\Render\GraphicsCommon.cpp">
      <Filter>src\Graphen\Render</Filter>
    </ClCompile>
    <ClCompile Include="src\Graphen\Render\GraphicsCore.cpp">
      <Filter>src\Graphen\Render</Filter>
    </ClCompile>
    <ClCompile Include="src\Graphen\Render\LinearAllocator.cpp">
      <Filter>src\Graphen\Render</Filter>
    </ClCompile>
    <ClCompile Include="src\Graphen\Render\PipelineState.cpp">
      <Filter>src\Graphen\Render</Filter>
    </ClCompile>
    <ClCompile Include="src\Graphen\Render\PixelBuffer.cpp">
      <Filter>src\Graphen\Render</Filter>
    </ClCompile>
    <ClCompile Include="src\Graphen\Render\ReadbackBuffer.cpp">
      <Filter>src\Graphen\Render</Filter>
    </ClCompile>
    <ClCompile Include="src\Graphen\Render\RootSignature.cpp">
      <Filter>src\Graphen\Render</Filter>
    </ClCompile>
    <ClCompile Include="src\Graphen\Render\SamplerManager.cpp">
      <Filter>src\Graphen\Render</Filter>
    </ClCompile>
    <ClCompile Include="src\Graphen\Render\Shader.cpp">
      <Filter>src\Graphen\Render</Filter>
    </ClCompile>
    <ClCompile Include="src\Graphen\Render\ShadowBuffer.cpp">
      <Filter>src\Graphen\Render</Filter>
    </ClCompile>
    <ClCompile Include="src\Graphen\Render\SwapChain.cpp">
      <Filter>src\Graphen\Render</Filter>
    </ClCompile>
    <ClCompile Include="src\Graphen\Render\VidDriver.cpp">
      <Filter>src\Graphen\Render</Filter>
    </ClCompile>
    <ClCompile Include="src\Graphen\Utility\Utility.cpp">
      <Filter>src\Graphen\Utility</Filter>
    </ClCompile>
    <ClCompile Include="src\Platform\Windows\WindowsInput.cpp">
      <Filter>src\Platform\Windows</Filter>
    </ClCompile>
    <ClCompile Include="src\Platform\Windows\WindowsWindow.cpp">
      <Filter>src\Platform\Windows</Filter>
    </ClCompile>
    <ClCompile Include="src\gnpch.cpp">
      <Filter>src</Filter>
    </ClCompile>
    <ClCompile Include="vendor\stb_image\stb_image.cpp">
      <Filter>vendor\stb_image</Filter>
    </ClCompile>
  </ItemGroup>
</Project>